
Microsoft Visual Studio Solution File, Format Version 12.00
# Visual Studio Version 16
VisualStudioVersion = 16.0.31729.503
MinimumVisualStudioVersion = 10.0.40219.1
Project("{9A19103F-16F7-4668-BE54-9A1E7A4F7556}") = "vehicle-tracking", "vehicle-tracking.csproj", "{801C30A2-1C77-4B72-AD9A-7CAF15828ED1}"
EndProject
Global
	GlobalSection(SolutionConfigurationPlatforms) = preSolution
		Debug|Any CPU = Debug|Any CPU
		Release|Any CPU = Release|Any CPU
	EndGlobalSection
	GlobalSection(ProjectConfigurationPlatforms) = postSolution
		{801C30A2-1C77-4B72-AD9A-7CAF15828ED1}.Debug|Any CPU.ActiveCfg = Debug|Any CPU
		{801C30A2-1C77-4B72-AD9A-7CAF15828ED1}.Debug|Any CPU.Build.0 = Debug|Any CPU
		{801C30A2-1C77-4B72-AD9A-7CAF15828ED1}.Release|Any CPU.ActiveCfg = Release|Any CPU
		{801C30A2-1C77-4B72-AD9A-7CAF15828ED1}.Release|Any CPU.Build.0 = Release|Any CPU
	EndGlobalSection
	GlobalSection(SolutionProperties) = preSolution
		HideSolutionNode = FALSE
	EndGlobalSection
	GlobalSection(ExtensibilityGlobals) = postSolution
		SolutionGuid = {13A59C69-CCC5-4658-BC12-BF7EAD25A19A}
	EndGlobalSection
EndGlobal
